
Microsoft Visual Studio Solution File, Format Version 12.00
# Visual Studio 15
VisualStudioVersion = 15.0.27130.2010
MinimumVisualStudioVersion = 10.0.40219.1
Project("{FAE04EC0-301F-11D3-BF4B-00C04F79EFBC}") = "TraceGenie.UI", "TraceGenie.UI\TraceGenie.UI.csproj", "{75C81071-2C21-4502-AE8F-92E9B2CB24F9}"
EndProject
Project("{FAE04EC0-301F-11D3-BF4B-00C04F79EFBC}") = "TraceGenie.Client", "TraceGenie.Client\TraceGenie.Client.csproj", "{488DDAD1-88FE-4AB4-9840-566011CAC8D1}"
EndProject
Project("{FAE04EC0-301F-11D3-BF4B-00C04F79EFBC}") = "TraceGenie.Console", "TraceGenie.Console\TraceGenie.Console.csproj", "{EBEF0D65-A1D9-423D-AB54-EDD1417B7FF4}"
EndProject
Global
	GlobalSection(SolutionConfigurationPlatforms) = preSolution
		Debug|Any CPU = Debug|Any CPU
		Release|Any CPU = Release|Any CPU
	EndGlobalSection
	GlobalSection(ProjectConfigurationPlatforms) = postSolution
		{75C81071-2C21-4502-AE8F-92E9B2CB24F9}.Debug|Any CPU.ActiveCfg = Debug|Any CPU
		{75C81071-2C21-4502-AE8F-92E9B2CB24F9}.Debug|Any CPU.Build.0 = Debug|Any CPU
		{75C81071-2C21-4502-AE8F-92E9B2CB24F9}.Release|Any CPU.ActiveCfg = Release|Any CPU
		{75C81071-2C21-4502-AE8F-92E9B2CB24F9}.Release|Any CPU.Build.0 = Release|Any CPU
		{488DDAD1-88FE-4AB4-9840-566011CAC8D1}.Debug|Any CPU.ActiveCfg = Debug|Any CPU
		{488DDAD1-88FE-4AB4-9840-566011CAC8D1}.Debug|Any CPU.Build.0 = Debug|Any CPU
		{488DDAD1-88FE-4AB4-9840-566011CAC8D1}.Release|Any CPU.ActiveCfg = Release|Any CPU
		{488DDAD1-88FE-4AB4-9840-566011CAC8D1}.Release|Any CPU.Build.0 = Release|Any CPU
		{EBEF0D65-A1D9-423D-AB54-EDD1417B7FF4}.Debug|Any CPU.ActiveCfg = Debug|Any CPU
		{EBEF0D65-A1D9-423D-AB54-EDD1417B7FF4}.Debug|Any CPU.Build.0 = Debug|Any CPU
		{EBEF0D65-A1D9-423D-AB54-EDD1417B7FF4}.Release|Any CPU.ActiveCfg = Release|Any CPU
		{EBEF0D65-A1D9-423D-AB54-EDD1417B7FF4}.Release|Any CPU.Build.0 = Release|Any CPU
	EndGlobalSection
	GlobalSection(SolutionProperties) = preSolution
		HideSolutionNode = FALSE
	EndGlobalSection
	GlobalSection(ExtensibilityGlobals) = postSolution
		SolutionGuid = {C161393B-B1E0-4D4D-BEFE-9344BE18CFF2}
	EndGlobalSection
EndGlobal
